{
    "_meta": {
        "hash": {
            "sha256": "101896288cdd87812255ae529b46012345afb654aafcb421f5a82afbbb711973"
        },
        "pipfile-spec": 6,
        "requires": {
            "python_version": "3.5"
        },
        "sources": [
            {
                "name": "pypi",
                "url": "https://pypi.python.org/simple",
                "verify_ssl": true
            }
        ]
    },
    "default": {},
    "develop": {}
}
